
Microsoft Visual Studio Solution File, Format Version 12.00
# Visual Studio Version 17
VisualStudioVersion = 17.13.35825.156 d17.13
MinimumVisualStudioVersion = 10.0.40219.1
Project("{FAE04EC0-301F-11D3-BF4B-00C04F79EFBC}") = "WinFormsApp100", "WinFormsApp100\WinFormsApp100.csproj", "{23D347E1-1C4F-499F-A8D1-6DF64BCFC3FB}"
EndProject
Global
	GlobalSection(SolutionConfigurationPlatforms) = preSolution
		Debug|Any CPU = Debug|Any CPU
		Release|Any CPU = Release|Any CPU
	EndGlobalSection
	GlobalSection(ProjectConfigurationPlatforms) = postSolution
		{23D347E1-1C4F-499F-A8D1-6DF64BCFC3FB}.Debug|Any CPU.ActiveCfg = Debug|Any CPU
		{23D347E1-1C4F-499F-A8D1-6DF64BCFC3FB}.Debug|Any CPU.Build.0 = Debug|Any CPU
		{23D347E1-1C4F-499F-A8D1-6DF64BCFC3FB}.Release|Any CPU.ActiveCfg = Release|Any CPU
		{23D347E1-1C4F-499F-A8D1-6DF64BCFC3FB}.Release|Any CPU.Build.0 = Release|Any CPU
	EndGlobalSection
	GlobalSection(SolutionProperties) = preSolution
		HideSolutionNode = FALSE
	EndGlobalSection
	GlobalSection(ExtensibilityGlobals) = postSolution
		SolutionGuid = {C456828B-2A95-4672-B2CA-5FDE7E04AFA5}
	EndGlobalSection
EndGlobal
